
Microsoft Visual Studio Solution File, Format Version 12.00
# Visual Studio Version 17
VisualStudioVersion = 17.8.34330.188
MinimumVisualStudioVersion = 10.0.40219.1
Project("{FAE04EC0-301F-11D3-BF4B-00C04F79EFBC}") = "AHIT Plushies", "AHIT Plushies.csproj", "{7D6ED5CD-1B4A-4F3C-8E32-4647CE6418EC}"
EndProject
Global
	GlobalSection(SolutionConfigurationPlatforms) = preSolution
		Debug|Any CPU = Debug|Any CPU
		Release|Any CPU = Release|Any CPU
	EndGlobalSection
	GlobalSection(ProjectConfigurationPlatforms) = postSolution
		{7D6ED5CD-1B4A-4F3C-8E32-4647CE6418EC}.Debug|Any CPU.ActiveCfg = Debug|Any CPU
		{7D6ED5CD-1B4A-4F3C-8E32-4647CE6418EC}.Debug|Any CPU.Build.0 = Debug|Any CPU
		{7D6ED5CD-1B4A-4F3C-8E32-4647CE6418EC}.Release|Any CPU.ActiveCfg = Release|Any CPU
		{7D6ED5CD-1B4A-4F3C-8E32-4647CE6418EC}.Release|Any CPU.Build.0 = Release|Any CPU
	EndGlobalSection
	GlobalSection(SolutionProperties) = preSolution
		HideSolutionNode = FALSE
	EndGlobalSection
	GlobalSection(ExtensibilityGlobals) = postSolution
		SolutionGuid = {D3E40F0B-DF0A-43A7-9384-7E2FFA90D142}
	EndGlobalSection
EndGlobal
